
Microsoft Visual Studio Solution File, Format Version 12.00
# Visual Studio Version 17
VisualStudioVersion = 17.0.31903.59
MinimumVisualStudioVersion = 10.0.40219.1
Project("{FAE04EC0-301F-11D3-BF4B-00C04F79EFBC}") = "wslcUI", "src\wslcUI\wslcUI.csproj", "{A1B2C3D4-E5F6-4A7B-8C9D-0E1F2A3B4C5D}"
EndProject
Project("{2150E333-8FDC-42A3-9474-1A3956D46DE8}") = "tests", "tests", "{0AB3BF05-4346-4AA6-1389-037BE0695223}"
EndProject
Project("{FAE04EC0-301F-11D3-BF4B-00C04F79EFBC}") = "wslcUI.Tests", "tests\wslcUI.Tests\wslcUI.Tests.csproj", "{E7C48604-0DFB-4F36-B066-80FA4B77C037}"
EndProject
Project("{2150E333-8FDC-42A3-9474-1A3956D46DE8}") = "src", "src", "{827E0CD3-B72D-47B6-A68D-7590B98EB39B}"
EndProject
Global
	GlobalSection(SolutionConfigurationPlatforms) = preSolution
		Debug|x64 = Debug|x64
		Debug|arm64 = Debug|arm64
		Debug|Any CPU = Debug|Any CPU
		Debug|x86 = Debug|x86
		Release|x64 = Release|x64
		Release|arm64 = Release|arm64
		Release|Any CPU = Release|Any CPU
		Release|x86 = Release|x86
	EndGlobalSection
	GlobalSection(ProjectConfigurationPlatforms) = postSolution
		{A1B2C3D4-E5F6-4A7B-8C9D-0E1F2A3B4C5D}.Debug|x64.ActiveCfg = Debug|x64
		{A1B2C3D4-E5F6-4A7B-8C9D-0E1F2A3B4C5D}.Debug|x64.Build.0 = Debug|x64
		{A1B2C3D4-E5F6-4A7B-8C9D-0E1F2A3B4C5D}.Debug|arm64.ActiveCfg = Debug|arm64
		{A1B2C3D4-E5F6-4A7B-8C9D-0E1F2A3B4C5D}.Debug|arm64.Build.0 = Debug|arm64
		{A1B2C3D4-E5F6-4A7B-8C9D-0E1F2A3B4C5D}.Debug|Any CPU.ActiveCfg = Debug|Any CPU
		{A1B2C3D4-E5F6-4A7B-8C9D-0E1F2A3B4C5D}.Debug|Any CPU.Build.0 = Debug|Any CPU
		{A1B2C3D4-E5F6-4A7B-8C9D-0E1F2A3B4C5D}.Debug|x86.ActiveCfg = Debug|Any CPU
		{A1B2C3D4-E5F6-4A7B-8C9D-0E1F2A3B4C5D}.Debug|x86.Build.0 = Debug|Any CPU
		{A1B2C3D4-E5F6-4A7B-8C9D-0E1F2A3B4C5D}.Release|x64.ActiveCfg = Release|x64
		{A1B2C3D4-E5F6-4A7B-8C9D-0E1F2A3B4C5D}.Release|x64.Build.0 = Release|x64
		{A1B2C3D4-E5F6-4A7B-8C9D-0E1F2A3B4C5D}.Release|arm64.ActiveCfg = Release|arm64
		{A1B2C3D4-E5F6-4A7B-8C9D-0E1F2A3B4C5D}.Release|arm64.Build.0 = Release|arm64
		{A1B2C3D4-E5F6-4A7B-8C9D-0E1F2A3B4C5D}.Release|Any CPU.ActiveCfg = Release|Any CPU
		{A1B2C3D4-E5F6-4A7B-8C9D-0E1F2A3B4C5D}.Release|Any CPU.Build.0 = Release|Any CPU
		{A1B2C3D4-E5F6-4A7B-8C9D-0E1F2A3B4C5D}.Release|x86.ActiveCfg = Release|Any CPU
		{A1B2C3D4-E5F6-4A7B-8C9D-0E1F2A3B4C5D}.Release|x86.Build.0 = Release|Any CPU
		{E7C48604-0DFB-4F36-B066-80FA4B77C037}.Debug|x64.ActiveCfg = Debug|x64
		{E7C48604-0DFB-4F36-B066-80FA4B77C037}.Debug|x64.Build.0 = Debug|x64
		{E7C48604-0DFB-4F36-B066-80FA4B77C037}.Debug|arm64.ActiveCfg = Debug|x64
		{E7C48604-0DFB-4F36-B066-80FA4B77C037}.Debug|arm64.Build.0 = Debug|x64
		{E7C48604-0DFB-4F36-B066-80FA4B77C037}.Debug|Any CPU.ActiveCfg = Debug|x64
		{E7C48604-0DFB-4F36-B066-80FA4B77C037}.Debug|Any CPU.Build.0 = Debug|x64
		{E7C48604-0DFB-4F36-B066-80FA4B77C037}.Debug|x86.ActiveCfg = Debug|x64
		{E7C48604-0DFB-4F36-B066-80FA4B77C037}.Debug|x86.Build.0 = Debug|x64
		{E7C48604-0DFB-4F36-B066-80FA4B77C037}.Release|x64.ActiveCfg = Release|x64
		{E7C48604-0DFB-4F36-B066-80FA4B77C037}.Release|x64.Build.0 = Release|x64
		{E7C48604-0DFB-4F36-B066-80FA4B77C037}.Release|arm64.ActiveCfg = Release|x64
		{E7C48604-0DFB-4F36-B066-80FA4B77C037}.Release|arm64.Build.0 = Release|x64
		{E7C48604-0DFB-4F36-B066-80FA4B77C037}.Release|Any CPU.ActiveCfg = Release|x64
		{E7C48604-0DFB-4F36-B066-80FA4B77C037}.Release|Any CPU.Build.0 = Release|x64
		{E7C48604-0DFB-4F36-B066-80FA4B77C037}.Release|x86.ActiveCfg = Release|x64
		{E7C48604-0DFB-4F36-B066-80FA4B77C037}.Release|x86.Build.0 = Release|x64
	EndGlobalSection
	GlobalSection(SolutionProperties) = preSolution
		HideSolutionNode = FALSE
	EndGlobalSection
	GlobalSection(NestedProjects) = preSolution
		{E7C48604-0DFB-4F36-B066-80FA4B77C037} = {0AB3BF05-4346-4AA6-1389-037BE0695223}
	EndGlobalSection
EndGlobal
